# THIS IS AN AUTOGENERATED FILE. DO NOT EDIT THIS FILE DIRECTLY.
# yarn lockfile v1


eslint-config-prettier@^8.4.0:
  version "8.4.0"
  resolved "https://registry.yarnpkg.com/eslint-config-prettier/-/eslint-config-prettier-8.4.0.tgz#8e6d17c7436649e98c4c2189868562921ef563de"
  integrity sha512-CFotdUcMY18nGRo5KGsnNxpznzhkopOcOo0InID+sgQssPrzjvsyKZPvOgymTFeHrFuC3Tzdf2YndhXtULK9Iw==

eslint-plugin-prettier@^4.0.0:
  version "4.0.0"
  resolved "https://registry.yarnpkg.com/eslint-plugin-prettier/-/eslint-plugin-prettier-4.0.0.tgz#8b99d1e4b8b24a762472b4567992023619cb98e0"
  integrity sha512-98MqmCJ7vJodoQK359bqQWaxOE0CS8paAz/GgjaZLyex4TTk3g9HugoO89EqWCrFiOqn9EVvcoo7gZzONCWVwQ==
  dependencies:
    prettier-linter-helpers "^1.0.0"

fast-diff@^1.1.2:
  version "1.2.0"
  resolved "https://registry.npmjs.org/fast-diff/-/fast-diff-1.2.0.tgz"
  integrity sha512-xJuoT5+L99XlZ8twedaRf6Ax2TgQVxvgZOYoPKqZufmJib0tL2tegPBOZb1pVNgIhlqDlA0eO0c3wBvQcmzx4w==

prettier-linter-helpers@^1.0.0:
  version "1.0.0"
  resolved "https://registry.npmjs.org/prettier-linter-helpers/-/prettier-linter-helpers-1.0.0.tgz"
  integrity sha512-GbK2cP9nraSSUF9N2XwUwqfzlAFlMNYYl+ShE/V+H8a9uNl/oUqB1w2EL54Jh0OlyRSd8RfWYJ3coVS4TROP2w==
  dependencies:
    fast-diff "^1.1.2"

prettier@^2.5.1:
  version "2.5.1"
  resolved "https://registry.yarnpkg.com/prettier/-/prettier-2.5.1.tgz#fff75fa9d519c54cf0fce328c1017d94546bc56a"
  integrity sha512-vBZcPRUR5MZJwoyi3ZoyQlc1rXeEck8KgeC9AwwOn+exuxLxq5toTRDTSaVrXHxelDMHy9zlicw8u66yxoSUFg==
